
Microsoft Visual Studio Solution File, Format Version 12.00
# Visual Studio 2012
Project("{FAE04EC0-301F-11D3-BF4B-00C04F79EFBC}") = "VectorIssue", "VectorIssue\VectorIssue.csproj", "{0220C44A-05AB-4D47-9AA4-DB01CEE2647F}"
EndProject
Project("{FAE04EC0-301F-11D3-BF4B-00C04F79EFBC}") = "VectorIssue.iOS", "iOS\VectorIssue.iOS.csproj", "{3A41324C-008A-43DB-957E-25AD06132E78}"
EndProject
Project("{FAE04EC0-301F-11D3-BF4B-00C04F79EFBC}") = "VectorIssue.Droid", "Droid\VectorIssue.Droid.csproj", "{1AB34849-5B6B-45AA-88E0-60678FC63781}"
EndProject
Global
	GlobalSection(SolutionConfigurationPlatforms) = preSolution
		Debug|Any CPU = Debug|Any CPU
		Release|Any CPU = Release|Any CPU
		Debug|iPhoneSimulator = Debug|iPhoneSimulator
		Release|iPhone = Release|iPhone
		Release|iPhoneSimulator = Release|iPhoneSimulator
		Debug|iPhone = Debug|iPhone
	EndGlobalSection
	GlobalSection(ProjectConfigurationPlatforms) = postSolution
		{0220C44A-05AB-4D47-9AA4-DB01CEE2647F}.Debug|Any CPU.ActiveCfg = Debug|Any CPU
		{0220C44A-05AB-4D47-9AA4-DB01CEE2647F}.Debug|Any CPU.Build.0 = Debug|Any CPU
		{0220C44A-05AB-4D47-9AA4-DB01CEE2647F}.Release|Any CPU.ActiveCfg = Release|Any CPU
		{0220C44A-05AB-4D47-9AA4-DB01CEE2647F}.Release|Any CPU.Build.0 = Release|Any CPU
		{0220C44A-05AB-4D47-9AA4-DB01CEE2647F}.Debug|iPhoneSimulator.ActiveCfg = Debug|Any CPU
		{0220C44A-05AB-4D47-9AA4-DB01CEE2647F}.Debug|iPhoneSimulator.Build.0 = Debug|Any CPU
		{0220C44A-05AB-4D47-9AA4-DB01CEE2647F}.Release|iPhone.ActiveCfg = Release|Any CPU
		{0220C44A-05AB-4D47-9AA4-DB01CEE2647F}.Release|iPhone.Build.0 = Release|Any CPU
		{0220C44A-05AB-4D47-9AA4-DB01CEE2647F}.Release|iPhoneSimulator.ActiveCfg = Release|Any CPU
		{0220C44A-05AB-4D47-9AA4-DB01CEE2647F}.Release|iPhoneSimulator.Build.0 = Release|Any CPU
		{0220C44A-05AB-4D47-9AA4-DB01CEE2647F}.Debug|iPhone.ActiveCfg = Debug|Any CPU
		{0220C44A-05AB-4D47-9AA4-DB01CEE2647F}.Debug|iPhone.Build.0 = Debug|Any CPU
		{3A41324C-008A-43DB-957E-25AD06132E78}.Debug|Any CPU.ActiveCfg = Debug|iPhoneSimulator
		{3A41324C-008A-43DB-957E-25AD06132E78}.Debug|Any CPU.Build.0 = Debug|iPhoneSimulator
		{3A41324C-008A-43DB-957E-25AD06132E78}.Release|Any CPU.ActiveCfg = Release|iPhone
		{3A41324C-008A-43DB-957E-25AD06132E78}.Release|Any CPU.Build.0 = Release|iPhone
		{3A41324C-008A-43DB-957E-25AD06132E78}.Debug|iPhoneSimulator.ActiveCfg = Debug|iPhoneSimulator
		{3A41324C-008A-43DB-957E-25AD06132E78}.Debug|iPhoneSimulator.Build.0 = Debug|iPhoneSimulator
		{3A41324C-008A-43DB-957E-25AD06132E78}.Release|iPhone.ActiveCfg = Release|iPhone
		{3A41324C-008A-43DB-957E-25AD06132E78}.Release|iPhone.Build.0 = Release|iPhone
		{3A41324C-008A-43DB-957E-25AD06132E78}.Release|iPhoneSimulator.ActiveCfg = Release|iPhoneSimulator
		{3A41324C-008A-43DB-957E-25AD06132E78}.Release|iPhoneSimulator.Build.0 = Release|iPhoneSimulator
		{3A41324C-008A-43DB-957E-25AD06132E78}.Debug|iPhone.ActiveCfg = Debug|iPhone
		{3A41324C-008A-43DB-957E-25AD06132E78}.Debug|iPhone.Build.0 = Debug|iPhone
		{1AB34849-5B6B-45AA-88E0-60678FC63781}.Debug|Any CPU.ActiveCfg = Debug|Any CPU
		{1AB34849-5B6B-45AA-88E0-60678FC63781}.Debug|Any CPU.Build.0 = Debug|Any CPU
		{1AB34849-5B6B-45AA-88E0-60678FC63781}.Release|Any CPU.ActiveCfg = Release|Any CPU
		{1AB34849-5B6B-45AA-88E0-60678FC63781}.Release|Any CPU.Build.0 = Release|Any CPU
		{1AB34849-5B6B-45AA-88E0-60678FC63781}.Debug|iPhoneSimulator.ActiveCfg = Debug|Any CPU
		{1AB34849-5B6B-45AA-88E0-60678FC63781}.Debug|iPhoneSimulator.Build.0 = Debug|Any CPU
		{1AB34849-5B6B-45AA-88E0-60678FC63781}.Release|iPhone.ActiveCfg = Release|Any CPU
		{1AB34849-5B6B-45AA-88E0-60678FC63781}.Release|iPhone.Build.0 = Release|Any CPU
		{1AB34849-5B6B-45AA-88E0-60678FC63781}.Release|iPhoneSimulator.ActiveCfg = Release|Any CPU
		{1AB34849-5B6B-45AA-88E0-60678FC63781}.Release|iPhoneSimulator.Build.0 = Release|Any CPU
		{1AB34849-5B6B-45AA-88E0-60678FC63781}.Debug|iPhone.ActiveCfg = Debug|Any CPU
		{1AB34849-5B6B-45AA-88E0-60678FC63781}.Debug|iPhone.Build.0 = Debug|Any CPU
	EndGlobalSection
EndGlobal
